PODS:
  - PromiseKit (6.3.4):
    - PromiseKit/CorePromise (= 6.3.4)
    - PromiseKit/Foundation (= 6.3.4)
    - PromiseKit/UIKit (= 6.3.4)
  - PromiseKit/CorePromise (6.3.4)
  - PromiseKit/Foundation (6.3.4):
    - PromiseKit/CorePromise
  - PromiseKit/UIKit (6.3.4):
    - PromiseKit/CorePromise
  - Swinject (2.4.1)

DEPENDENCIES:
  - PromiseKit (~> 6.0)
  - Swinject

SPEC REPOS:
  https://github.com/cocoapods/specs.git:
    - PromiseKit
    - Swinject

SPEC CHECKSUMS:
  PromiseKit: e1425568123ec844a944c93f2bcb29d511d39cf5
  Swinject: f7f15a9672e99328c1f07f277091087917215700

PODFILE CHECKSUM: 398f3bb3c3816389009c8e692fee7d769e5f67df

COCOAPODS: 1.5.3
