// !$*UTF8*$!
{
	archiveVersion = 1;
	classes = {
	};
	objectVersion = 50;
	objects = {

/* Begin PBXBuildFile section */
		0657182EDD006F8C3CDDFFAA /* Pods_GourmetUITests.framework in Frameworks */ = {isa = PBXBuildFile; fileRef = FDAC5F324EBE91183CB6C6CA /* Pods_GourmetUITests.framework */; };
		4010022D212AC55000319E43 /* Category.swift in Sources */ = {isa = PBXBuildFile; fileRef = 4010022C212AC55000319E43 /* Category.swift */; };
		4010022F212ACA6F00319E43 /* Costants.swift in Sources */ = {isa = PBXBuildFile; fileRef = 4010022E212ACA6F00319E43 /* Costants.swift */; };
		40100231212ACE4000319E43 /* CustomSegmentedControl.swift in Sources */ = {isa = PBXBuildFile; fileRef = 40100230212ACE4000319E43 /* CustomSegmentedControl.swift */; };
		40100235212AE2B200319E43 /* UICollectionView.swift in Sources */ = {isa = PBXBuildFile; fileRef = 40100234212AE2B200319E43 /* UICollectionView.swift */; };
		40100237212AE8D700319E43 /* PersonalCategoryController.swift in Sources */ = {isa = PBXBuildFile; fileRef = 40100236212AE8D700319E43 /* PersonalCategoryController.swift */; };
		40100239212AE8E300319E43 /* AllCategoryController.swift in Sources */ = {isa = PBXBuildFile; fileRef = 40100238212AE8E300319E43 /* AllCategoryController.swift */; };
		4010023E212B742900319E43 /* RecommendedCollectionFlowLayout.swift in Sources */ = {isa = PBXBuildFile; fileRef = 4010023D212B742900319E43 /* RecommendedCollectionFlowLayout.swift */; };
		40100240212B749800319E43 /* RecommendedCollectionCell.swift in Sources */ = {isa = PBXBuildFile; fileRef = 4010023F212B749800319E43 /* RecommendedCollectionCell.swift */; };
		40100242212B74CB00319E43 /* Item.swift in Sources */ = {isa = PBXBuildFile; fileRef = 40100241212B74CB00319E43 /* Item.swift */; };
		401798D1216916AC00BACEEA /* Constants.swift in Sources */ = {isa = PBXBuildFile; fileRef = 401798CB216916AB00BACEEA /* Constants.swift */; };
		401798D2216916AC00BACEEA /* Router.swift in Sources */ = {isa = PBXBuildFile; fileRef = 401798CC216916AB00BACEEA /* Router.swift */; };
		401798D5216916AC00BACEEA /* WebServiceLogger.swift in Sources */ = {isa = PBXBuildFile; fileRef = 401798CF216916AB00BACEEA /* WebServiceLogger.swift */; };
		401798D6216916AC00BACEEA /* Extension.swift in Sources */ = {isa = PBXBuildFile; fileRef = 401798D0216916AB00BACEEA /* Extension.swift */; };
		401B6857217B9346009231BA /* Encodable.swift in Sources */ = {isa = PBXBuildFile; fileRef = 401B6856217B9346009231BA /* Encodable.swift */; };
		407D35212168C64800346910 /* Item.storyboard in Resources */ = {isa = PBXBuildFile; fileRef = 407D35202168C64800346910 /* Item.storyboard */; };
		407EB912216813C20055FF7E /* Home.storyboard in Resources */ = {isa = PBXBuildFile; fileRef = 407EB911216813C20055FF7E /* Home.storyboard */; };
		407EB914216813CA0055FF7E /* Search.storyboard in Resources */ = {isa = PBXBuildFile; fileRef = 407EB913216813CA0055FF7E /* Search.storyboard */; };
		407EB916216813D40055FF7E /* QRCode.storyboard in Resources */ = {isa = PBXBuildFile; fileRef = 407EB915216813D40055FF7E /* QRCode.storyboard */; };
		407EB918216813DC0055FF7E /* Location.storyboard in Resources */ = {isa = PBXBuildFile; fileRef = 407EB917216813DC0055FF7E /* Location.storyboard */; };
		407EB91A216813E60055FF7E /* Profile.storyboard in Resources */ = {isa = PBXBuildFile; fileRef = 407EB919216813E60055FF7E /* Profile.storyboard */; };
		407EB921216815030055FF7E /* HomeController.swift in Sources */ = {isa = PBXBuildFile; fileRef = 407EB920216815030055FF7E /* HomeController.swift */; };
		407EB923216815110055FF7E /* SearchController.swift in Sources */ = {isa = PBXBuildFile; fileRef = 407EB922216815110055FF7E /* SearchController.swift */; };
		407EB9252168151B0055FF7E /* QRCodeController.swift in Sources */ = {isa = PBXBuildFile; fileRef = 407EB9242168151B0055FF7E /* QRCodeController.swift */; };
		407EB927216815240055FF7E /* LocationController.swift in Sources */ = {isa = PBXBuildFile; fileRef = 407EB926216815240055FF7E /* LocationController.swift */; };
		407EB9292168152E0055FF7E /* ProfileController.swift in Sources */ = {isa = PBXBuildFile; fileRef = 407EB9282168152E0055FF7E /* ProfileController.swift */; };
		407EB92C21681C130055FF7E /* Menu.storyboard in Resources */ = {isa = PBXBuildFile; fileRef = 407EB92B21681C130055FF7E /* Menu.storyboard */; };
		408123A3212A24420091D1D9 /* CategoryCollectionCell.swift in Sources */ = {isa = PBXBuildFile; fileRef = 408123A2212A24420091D1D9 /* CategoryCollectionCell.swift */; };
		408123A7212A27ED0091D1D9 /* CategoryCollectionFlowLayout.swift in Sources */ = {isa = PBXBuildFile; fileRef = 408123A6212A27ED0091D1D9 /* CategoryCollectionFlowLayout.swift */; };
		408123AB212A33CA0091D1D9 /* UIImage.swift in Sources */ = {isa = PBXBuildFile; fileRef = 408123AA212A33CA0091D1D9 /* UIImage.swift */; };
		40848CDB212CA5EC009DE929 /* Cosmos.swift in Sources */ = {isa = PBXBuildFile; fileRef = 40848CDA212CA5EC009DE929 /* Cosmos.swift */; };
		40966A62212CB4170065B9FB /* FeaturedTableCell.swift in Sources */ = {isa = PBXBuildFile; fileRef = 40966A61212CB4170065B9FB /* FeaturedTableCell.swift */; };
		40966A67212CC5F70065B9FB /* AllCategoryTableCell.swift in Sources */ = {isa = PBXBuildFile; fileRef = 40966A66212CC5F70065B9FB /* AllCategoryTableCell.swift */; };
		40966A6A212CE1280065B9FB /* ItemDetailController.swift in Sources */ = {isa = PBXBuildFile; fileRef = 40966A69212CE1280065B9FB /* ItemDetailController.swift */; };
		40A32AD6212DE8C50076067C /* ItemInfoController.swift in Sources */ = {isa = PBXBuildFile; fileRef = 40A32AD5212DE8C50076067C /* ItemInfoController.swift */; };
		40A32ADA212DE8EA0076067C /* ItemRateController.swift in Sources */ = {isa = PBXBuildFile; fileRef = 40A32AD9212DE8EA0076067C /* ItemRateController.swift */; };
		40A32ADC212DEE3B0076067C /* UIScrollView.swift in Sources */ = {isa = PBXBuildFile; fileRef = 40A32ADB212DEE3B0076067C /* UIScrollView.swift */; };
		40A32ADF212DF14B0076067C /* UIViewController.swift in Sources */ = {isa = PBXBuildFile; fileRef = 40A32ADE212DF14B0076067C /* UIViewController.swift */; };
		40B8AB22212F0AB700119E70 /* WebService.swift in Sources */ = {isa = PBXBuildFile; fileRef = 40B8AB21212F0AB700119E70 /* WebService.swift */; };
		40B8AB24212F0ADD00119E70 /* Module.swift in Sources */ = {isa = PBXBuildFile; fileRef = 40B8AB23212F0ADD00119E70 /* Module.swift */; };
		40B8AB26212F0B0300119E70 /* ClientSession.swift in Sources */ = {isa = PBXBuildFile; fileRef = 40B8AB25212F0B0300119E70 /* ClientSession.swift */; };
		40DE9AAC212EF06900B8F28B /* Restaurant.swift in Sources */ = {isa = PBXBuildFile; fileRef = 40DE9AAB212EF06900B8F28B /* Restaurant.swift */; };
		40EF3D09212A106600DE29EF /* AppDelegate.swift in Sources */ = {isa = PBXBuildFile; fileRef = 40EF3D08212A106600DE29EF /* AppDelegate.swift */; };
		40EF3D0E212A106600DE29EF /* Main.storyboard in Resources */ = {isa = PBXBuildFile; fileRef = 40EF3D0C212A106600DE29EF /* Main.storyboard */; };
		40EF3D13212A106800DE29EF /* LaunchScreen.storyboard in Resources */ = {isa = PBXBuildFile; fileRef = 40EF3D11212A106800DE29EF /* LaunchScreen.storyboard */; };
		40EF3D1E212A106800DE29EF /* GourmetTests.swift in Sources */ = {isa = PBXBuildFile; fileRef = 40EF3D1D212A106800DE29EF /* GourmetTests.swift */; };
		40EF3D29212A106800DE29EF /* GourmetUITests.swift in Sources */ = {isa = PBXBuildFile; fileRef = 40EF3D28212A106800DE29EF /* GourmetUITests.swift */; };
		40EF3D37212A10D900DE29EF /* MainTabBarController.swift in Sources */ = {isa = PBXBuildFile; fileRef = 40EF3D36212A10D900DE29EF /* MainTabBarController.swift */; };
		40EF3D39212A13C100DE29EF /* Assets.xcassets in Resources */ = {isa = PBXBuildFile; fileRef = 40EF3D38212A13C100DE29EF /* Assets.xcassets */; };
		40EF3D3F212A190F00DE29EF /* MenuController.swift in Sources */ = {isa = PBXBuildFile; fileRef = 40EF3D3E212A190F00DE29EF /* MenuController.swift */; };
		40EF3D44212A19C900DE29EF /* UIColor.swift in Sources */ = {isa = PBXBuildFile; fileRef = 40EF3D43212A19C900DE29EF /* UIColor.swift */; };
		40EF3D46212A1A9C00DE29EF /* UIView.swift in Sources */ = {isa = PBXBuildFile; fileRef = 40EF3D45212A1A9C00DE29EF /* UIView.swift */; };
		499CE3C42CA8660903F22C7F /* Pods_Gourmet.framework in Frameworks */ = {isa = PBXBuildFile; fileRef = CE5242A670BE59B94ED3C92A /* Pods_Gourmet.framework */; };
		E101670ECFA1D7970ED16532 /* Pods_GourmetTests.framework in Frameworks */ = {isa = PBXBuildFile; fileRef = FF40997FD99E734A4ECA701E /* Pods_GourmetTests.framework */; };
/* End PBXBuildFile section */

/* Begin PBXContainerItemProxy section */
		40EF3D1A212A106800DE29EF /* PBXContainerItemProxy */ = {
			isa = PBXContainerItemProxy;
			containerPortal = 40EF3CFD212A106600DE29EF /* Project object */;
			proxyType = 1;
			remoteGlobalIDString = 40EF3D04212A106600DE29EF;
			remoteInfo = Gourmet;
		};
		40EF3D25212A106800DE29EF /* PBXContainerItemProxy */ = {
			isa = PBXContainerItemProxy;
			containerPortal = 40EF3CFD212A106600DE29EF /* Project object */;
			proxyType = 1;
			remoteGlobalIDString = 40EF3D04212A106600DE29EF;
			remoteInfo = Gourmet;
		};
/* End PBXContainerItemProxy section */

/* Begin PBXFileReference section */
		122C8596F77D871BE75AF661 /* Pods-GourmetTests.release.xcconfig */ = {isa = PBXFileReference; includeInIndex = 1; lastKnownFileType = text.xcconfig; name = "Pods-GourmetTests.release.xcconfig"; path = "Pods/Target Support Files/Pods-GourmetTests/Pods-GourmetTests.release.xcconfig"; sourceTree = "<group>"; };
		4010022C212AC55000319E43 /* Category.swift */ = {isa = PBXFileReference; lastKnownFileType = sourcecode.swift; path = Category.swift; sourceTree = "<group>"; };
		4010022E212ACA6F00319E43 /* Costants.swift */ = {isa = PBXFileReference; lastKnownFileType = sourcecode.swift; path = Costants.swift; sourceTree = "<group>"; };
		40100230212ACE4000319E43 /* CustomSegmentedControl.swift */ = {isa = PBXFileReference; lastKnownFileType = sourcecode.swift; path = CustomSegmentedControl.swift; sourceTree = "<group>"; };
		40100234212AE2B200319E43 /* UICollectionView.swift */ = {isa = PBXFileReference; lastKnownFileType = sourcecode.swift; path = UICollectionView.swift; sourceTree = "<group>"; };
		40100236212AE8D700319E43 /* PersonalCategoryController.swift */ = {isa = PBXFileReference; lastKnownFileType = sourcecode.swift; path = PersonalCategoryController.swift; sourceTree = "<group>"; };
		40100238212AE8E300319E43 /* AllCategoryController.swift */ = {isa = PBXFileReference; lastKnownFileType = sourcecode.swift; path = AllCategoryController.swift; sourceTree = "<group>"; };
		4010023D212B742900319E43 /* RecommendedCollectionFlowLayout.swift */ = {isa = PBXFileReference; lastKnownFileType = sourcecode.swift; path = RecommendedCollectionFlowLayout.swift; sourceTree = "<group>"; };
		4010023F212B749800319E43 /* RecommendedCollectionCell.swift */ = {isa = PBXFileReference; lastKnownFileType = sourcecode.swift; path = RecommendedCollectionCell.swift; sourceTree = "<group>"; };
		40100241212B74CB00319E43 /* Item.swift */ = {isa = PBXFileReference; lastKnownFileType = sourcecode.swift; path = Item.swift; sourceTree = "<group>"; };
		401798CB216916AB00BACEEA /* Constants.swift */ = {isa = PBXFileReference; fileEncoding = 4; lastKnownFileType = sourcecode.swift; path = Constants.swift; sourceTree = "<group>"; };
		401798CC216916AB00BACEEA /* Router.swift */ = {isa = PBXFileReference; fileEncoding = 4; lastKnownFileType = sourcecode.swift; path = Router.swift; sourceTree = "<group>"; };
		401798CF216916AB00BACEEA /* WebServiceLogger.swift */ = {isa = PBXFileReference; fileEncoding = 4; lastKnownFileType = sourcecode.swift; path = WebServiceLogger.swift; sourceTree = "<group>"; };
		401798D0216916AB00BACEEA /* Extension.swift */ = {isa = PBXFileReference; fileEncoding = 4; lastKnownFileType = sourcecode.swift; path = Extension.swift; sourceTree = "<group>"; };
		401B6856217B9346009231BA /* Encodable.swift */ = {isa = PBXFileReference; lastKnownFileType = sourcecode.swift; path = Encodable.swift; sourceTree = "<group>"; };
		407D35202168C64800346910 /* Item.storyboard */ = {isa = PBXFileReference; lastKnownFileType = file.storyboard; path = Item.storyboard; sourceTree = "<group>"; };
		407EB911216813C20055FF7E /* Home.storyboard */ = {isa = PBXFileReference; lastKnownFileType = file.storyboard; path = Home.storyboard; sourceTree = "<group>"; };
		407EB913216813CA0055FF7E /* Search.storyboard */ = {isa = PBXFileReference; lastKnownFileType = file.storyboard; path = Search.storyboard; sourceTree = "<group>"; };
		407EB915216813D40055FF7E /* QRCode.storyboard */ = {isa = PBXFileReference; lastKnownFileType = file.storyboard; path = QRCode.storyboard; sourceTree = "<group>"; };
		407EB917216813DC0055FF7E /* Location.storyboard */ = {isa = PBXFileReference; lastKnownFileType = file.storyboard; path = Location.storyboard; sourceTree = "<group>"; };
		407EB919216813E60055FF7E /* Profile.storyboard */ = {isa = PBXFileReference; lastKnownFileType = file.storyboard; path = Profile.storyboard; sourceTree = "<group>"; };
		407EB920216815030055FF7E /* HomeController.swift */ = {isa = PBXFileReference; lastKnownFileType = sourcecode.swift; path = HomeController.swift; sourceTree = "<group>"; };
		407EB922216815110055FF7E /* SearchController.swift */ = {isa = PBXFileReference; lastKnownFileType = sourcecode.swift; path = SearchController.swift; sourceTree = "<group>"; };
		407EB9242168151B0055FF7E /* QRCodeController.swift */ = {isa = PBXFileReference; lastKnownFileType = sourcecode.swift; path = QRCodeController.swift; sourceTree = "<group>"; };
		407EB926216815240055FF7E /* LocationController.swift */ = {isa = PBXFileReference; lastKnownFileType = sourcecode.swift; path = LocationController.swift; sourceTree = "<group>"; };
		407EB9282168152E0055FF7E /* ProfileController.swift */ = {isa = PBXFileReference; lastKnownFileType = sourcecode.swift; path = ProfileController.swift; sourceTree = "<group>"; };
		407EB92B21681C130055FF7E /* Menu.storyboard */ = {isa = PBXFileReference; lastKnownFileType = file.storyboard; path = Menu.storyboard; sourceTree = "<group>"; };
		408123A2212A24420091D1D9 /* CategoryCollectionCell.swift */ = {isa = PBXFileReference; lastKnownFileType = sourcecode.swift; path = CategoryCollectionCell.swift; sourceTree = "<group>"; };
		408123A6212A27ED0091D1D9 /* CategoryCollectionFlowLayout.swift */ = {isa = PBXFileReference; lastKnownFileType = sourcecode.swift; path = CategoryCollectionFlowLayout.swift; sourceTree = "<group>"; };
		408123AA212A33CA0091D1D9 /* UIImage.swift */ = {isa = PBXFileReference; lastKnownFileType = sourcecode.swift; path = UIImage.swift; sourceTree = "<group>"; };
		40848CDA212CA5EC009DE929 /* Cosmos.swift */ = {isa = PBXFileReference; lastKnownFileType = sourcecode.swift; path = Cosmos.swift; sourceTree = "<group>"; };
		40966A61212CB4170065B9FB /* FeaturedTableCell.swift */ = {isa = PBXFileReference; lastKnownFileType = sourcecode.swift; path = FeaturedTableCell.swift; sourceTree = "<group>"; };
		40966A66212CC5F70065B9FB /* AllCategoryTableCell.swift */ = {isa = PBXFileReference; lastKnownFileType = sourcecode.swift; path = AllCategoryTableCell.swift; sourceTree = "<group>"; };
		40966A69212CE1280065B9FB /* ItemDetailController.swift */ = {isa = PBXFileReference; lastKnownFileType = sourcecode.swift; path = ItemDetailController.swift; sourceTree = "<group>"; };
		40A32AD5212DE8C50076067C /* ItemInfoController.swift */ = {isa = PBXFileReference; lastKnownFileType = sourcecode.swift; path = ItemInfoController.swift; sourceTree = "<group>"; };
		40A32AD9212DE8EA0076067C /* ItemRateController.swift */ = {isa = PBXFileReference; lastKnownFileType = sourcecode.swift; path = ItemRateController.swift; sourceTree = "<group>"; };
		40A32ADB212DEE3B0076067C /* UIScrollView.swift */ = {isa = PBXFileReference; lastKnownFileType = sourcecode.swift; path = UIScrollView.swift; sourceTree = "<group>"; };
		40A32ADE212DF14B0076067C /* UIViewController.swift */ = {isa = PBXFileReference; lastKnownFileType = sourcecode.swift; path = UIViewController.swift; sourceTree = "<group>"; };
		40B8AB21212F0AB700119E70 /* WebService.swift */ = {isa = PBXFileReference; lastKnownFileType = sourcecode.swift; path = WebService.swift; sourceTree = "<group>"; };
		40B8AB23212F0ADD00119E70 /* Module.swift */ = {isa = PBXFileReference; lastKnownFileType = sourcecode.swift; path = Module.swift; sourceTree = "<group>"; };
		40B8AB25212F0B0300119E70 /* ClientSession.swift */ = {isa = PBXFileReference; lastKnownFileType = sourcecode.swift; path = ClientSession.swift; sourceTree = "<group>"; };
		40DE9AAB212EF06900B8F28B /* Restaurant.swift */ = {isa = PBXFileReference; lastKnownFileType = sourcecode.swift; path = Restaurant.swift; sourceTree = "<group>"; };
		40EF3D05212A106600DE29EF /* Gourmet.app */ = {isa = PBXFileReference; explicitFileType = wrapper.application; includeInIndex = 0; path = Gourmet.app; sourceTree = BUILT_PRODUCTS_DIR; };
		40EF3D08212A106600DE29EF /* AppDelegate.swift */ = {isa = PBXFileReference; lastKnownFileType = sourcecode.swift; path = AppDelegate.swift; sourceTree = "<group>"; };
		40EF3D0D212A106600DE29EF /* Base */ = {isa = PBXFileReference; lastKnownFileType = file.storyboard; name = Base; path = Base.lproj/Main.storyboard; sourceTree = "<group>"; };
		40EF3D12212A106800DE29EF /* Base */ = {isa = PBXFileReference; lastKnownFileType = file.storyboard; name = Base; path = Base.lproj/LaunchScreen.storyboard; sourceTree = "<group>"; };
		40EF3D14212A106800DE29EF /* Info.plist */ = {isa = PBXFileReference; lastKnownFileType = text.plist.xml; path = Info.plist; sourceTree = "<group>"; };
		40EF3D19212A106800DE29EF /* GourmetTests.xctest */ = {isa = PBXFileReference; explicitFileType = wrapper.cfbundle; includeInIndex = 0; path = GourmetTests.xctest; sourceTree = BUILT_PRODUCTS_DIR; };
		40EF3D1D212A106800DE29EF /* GourmetTests.swift */ = {isa = PBXFileReference; lastKnownFileType = sourcecode.swift; path = GourmetTests.swift; sourceTree = "<group>"; };
		40EF3D1F212A106800DE29EF /* Info.plist */ = {isa = PBXFileReference; lastKnownFileType = text.plist.xml; path = Info.plist; sourceTree = "<group>"; };
		40EF3D24212A106800DE29EF /* GourmetUITests.xctest */ = {isa = PBXFileReference; explicitFileType = wrapper.cfbundle; includeInIndex = 0; path = GourmetUITests.xctest; sourceTree = BUILT_PRODUCTS_DIR; };
		40EF3D28212A106800DE29EF /* GourmetUITests.swift */ = {isa = PBXFileReference; lastKnownFileType = sourcecode.swift; path = GourmetUITests.swift; sourceTree = "<group>"; };
		40EF3D2A212A106800DE29EF /* Info.plist */ = {isa = PBXFileReference; lastKnownFileType = text.plist.xml; path = Info.plist; sourceTree = "<group>"; };
		40EF3D36212A10D900DE29EF /* MainTabBarController.swift */ = {isa = PBXFileReference; lastKnownFileType = sourcecode.swift; path = MainTabBarController.swift; sourceTree = "<group>"; };
		40EF3D38212A13C100DE29EF /* Assets.xcassets */ = {isa = PBXFileReference; lastKnownFileType = folder.assetcatalog; path = Assets.xcassets; sourceTree = "<group>"; };
		40EF3D3E212A190F00DE29EF /* MenuController.swift */ = {isa = PBXFileReference; lastKnownFileType = sourcecode.swift; path = MenuController.swift; sourceTree = "<group>"; };
		40EF3D43212A19C900DE29EF /* UIColor.swift */ = {isa = PBXFileReference; lastKnownFileType = sourcecode.swift; path = UIColor.swift; sourceTree = "<group>"; };
		40EF3D45212A1A9C00DE29EF /* UIView.swift */ = {isa = PBXFileReference; lastKnownFileType = sourcecode.swift; path = UIView.swift; sourceTree = "<group>"; };
		7F0F5FC4D3D1514D2FAE5900 /* Pods-GourmetUITests.release.xcconfig */ = {isa = PBXFileReference; includeInIndex = 1; lastKnownFileType = text.xcconfig; name = "Pods-GourmetUITests.release.xcconfig"; path = "Pods/Target Support Files/Pods-GourmetUITests/Pods-GourmetUITests.release.xcconfig"; sourceTree = "<group>"; };
		819A208C4C66A094C94F6226 /* Pods-Gourmet.debug.xcconfig */ = {isa = PBXFileReference; includeInIndex = 1; lastKnownFileType = text.xcconfig; name = "Pods-Gourmet.debug.xcconfig"; path = "Pods/Target Support Files/Pods-Gourmet/Pods-Gourmet.debug.xcconfig"; sourceTree = "<group>"; };
		94F58A9B667285DD9DEC2188 /* Pods-GourmetTests.debug.xcconfig */ = {isa = PBXFileReference; includeInIndex = 1; lastKnownFileType = text.xcconfig; name = "Pods-GourmetTests.debug.xcconfig"; path = "Pods/Target Support Files/Pods-GourmetTests/Pods-GourmetTests.debug.xcconfig"; sourceTree = "<group>"; };
		CE5242A670BE59B94ED3C92A /* Pods_Gourmet.framework */ = {isa = PBXFileReference; explicitFileType = wrapper.framework; includeInIndex = 0; path = Pods_Gourmet.framework; sourceTree = BUILT_PRODUCTS_DIR; };
		E44E4DFEFED39E0959458188 /* Pods-GourmetUITests.debug.xcconfig */ = {isa = PBXFileReference; includeInIndex = 1; lastKnownFileType = text.xcconfig; name = "Pods-GourmetUITests.debug.xcconfig"; path = "Pods/Target Support Files/Pods-GourmetUITests/Pods-GourmetUITests.debug.xcconfig"; sourceTree = "<group>"; };
		F39164E17A50BBE31AB59B48 /* Pods-Gourmet.release.xcconfig */ = {isa = PBXFileReference; includeInIndex = 1; lastKnownFileType = text.xcconfig; name = "Pods-Gourmet.release.xcconfig"; path = "Pods/Target Support Files/Pods-Gourmet/Pods-Gourmet.release.xcconfig"; sourceTree = "<group>"; };
		FDAC5F324EBE91183CB6C6CA /* Pods_GourmetUITests.framework */ = {isa = PBXFileReference; explicitFileType = wrapper.framework; includeInIndex = 0; path = Pods_GourmetUITests.framework; sourceTree = BUILT_PRODUCTS_DIR; };
		FF40997FD99E734A4ECA701E /* Pods_GourmetTests.framework */ = {isa = PBXFileReference; explicitFileType = wrapper.framework; includeInIndex = 0; path = Pods_GourmetTests.framework; sourceTree = BUILT_PRODUCTS_DIR; };
/* End PBXFileReference section */

/* Begin PBXFrameworksBuildPhase section */
		40EF3D02212A106600DE29EF /* Frameworks */ = {
			isa = PBXFrameworksBuildPhase;
			buildActionMask = 2147483647;
			files = (
				499CE3C42CA8660903F22C7F /* Pods_Gourmet.framework in Frameworks */,
			);
			runOnlyForDeploymentPostprocessing = 0;
		};
		40EF3D16212A106800DE29EF /* Frameworks */ = {
			isa = PBXFrameworksBuildPhase;
			buildActionMask = 2147483647;
			files = (
				E101670ECFA1D7970ED16532 /* Pods_GourmetTests.framework in Frameworks */,
			);
			runOnlyForDeploymentPostprocessing = 0;
		};
		40EF3D21212A106800DE29EF /* Frameworks */ = {
			isa = PBXFrameworksBuildPhase;
			buildActionMask = 2147483647;
			files = (
				0657182EDD006F8C3CDDFFAA /* Pods_GourmetUITests.framework in Frameworks */,
			);
			runOnlyForDeploymentPostprocessing = 0;
		};
/* End PBXFrameworksBuildPhase section */

/* Begin PBXGroup section */
		0FC7FDBB0E83C71343917105 /* Frameworks */ = {
			isa = PBXGroup;
			children = (
				CE5242A670BE59B94ED3C92A /* Pods_Gourmet.framework */,
				FF40997FD99E734A4ECA701E /* Pods_GourmetTests.framework */,
				FDAC5F324EBE91183CB6C6CA /* Pods_GourmetUITests.framework */,
			);
			name = Frameworks;
			sourceTree = "<group>";
		};
		4010023C212B73F500319E43 /* RecommendedCollection */ = {
			isa = PBXGroup;
			children = (
				4010023D212B742900319E43 /* RecommendedCollectionFlowLayout.swift */,
				4010023F212B749800319E43 /* RecommendedCollectionCell.swift */,
			);
			path = RecommendedCollection;
			sourceTree = "<group>";
		};
		407EB910216812FA0055FF7E /* Storyboards */ = {
			isa = PBXGroup;
			children = (
				40EF3D11212A106800DE29EF /* LaunchScreen.storyboard */,
				40EF3D0C212A106600DE29EF /* Main.storyboard */,
				407EB911216813C20055FF7E /* Home.storyboard */,
				407EB913216813CA0055FF7E /* Search.storyboard */,
				407EB915216813D40055FF7E /* QRCode.storyboard */,
				407EB917216813DC0055FF7E /* Location.storyboard */,
				407EB919216813E60055FF7E /* Profile.storyboard */,
				407EB92B21681C130055FF7E /* Menu.storyboard */,
				407D35202168C64800346910 /* Item.storyboard */,
			);
			path = Storyboards;
			sourceTree = "<group>";
		};
		407EB91B216813FF0055FF7E /* Home */ = {
			isa = PBXGroup;
			children = (
				407EB920216815030055FF7E /* HomeController.swift */,
			);
			path = Home;
			sourceTree = "<group>";
		};
		407EB91C2168140F0055FF7E /* Search */ = {
			isa = PBXGroup;
			children = (
				407EB922216815110055FF7E /* SearchController.swift */,
			);
			path = Search;
			sourceTree = "<group>";
		};
		407EB91D216814150055FF7E /* QRCode */ = {
			isa = PBXGroup;
			children = (
				407EB9242168151B0055FF7E /* QRCodeController.swift */,
			);
			path = QRCode;
			sourceTree = "<group>";
		};
		407EB91E216814270055FF7E /* Location */ = {
			isa = PBXGroup;
			children = (
				407EB926216815240055FF7E /* LocationController.swift */,
			);
			path = Location;
			sourceTree = "<group>";
		};
		407EB91F2168142F0055FF7E /* Profile */ = {
			isa = PBXGroup;
			children = (
				407EB9282168152E0055FF7E /* ProfileController.swift */,
			);
			path = Profile;
			sourceTree = "<group>";
		};
		408123A1212A241C0091D1D9 /* CategoryCollection */ = {
			isa = PBXGroup;
			children = (
				408123A6212A27ED0091D1D9 /* CategoryCollectionFlowLayout.swift */,
				408123A2212A24420091D1D9 /* CategoryCollectionCell.swift */,
			);
			path = CategoryCollection;
			sourceTree = "<group>";
		};
		40966A60212CB4000065B9FB /* FeaturedCollection */ = {
			isa = PBXGroup;
			children = (
				40966A61212CB4170065B9FB /* FeaturedTableCell.swift */,
			);
			path = FeaturedCollection;
			sourceTree = "<group>";
		};
		40966A65212CC5E40065B9FB /* AllCollection */ = {
			isa = PBXGroup;
			children = (
				40966A66212CC5F70065B9FB /* AllCategoryTableCell.swift */,
			);
			path = AllCollection;
			sourceTree = "<group>";
		};
		40966A68212CE1170065B9FB /* ItemDetail */ = {
			isa = PBXGroup;
			children = (
				40966A69212CE1280065B9FB /* ItemDetailController.swift */,
				40A32AD5212DE8C50076067C /* ItemInfoController.swift */,
				40A32AD9212DE8EA0076067C /* ItemRateController.swift */,
			);
			path = ItemDetail;
			sourceTree = "<group>";
		};
		40B8AB36212F651700119E70 /* Networking */ = {
			isa = PBXGroup;
			children = (
				401798CB216916AB00BACEEA /* Constants.swift */,
				401798D0216916AB00BACEEA /* Extension.swift */,
				401798CC216916AB00BACEEA /* Router.swift */,
				401798CF216916AB00BACEEA /* WebServiceLogger.swift */,
				40B8AB21212F0AB700119E70 /* WebService.swift */,
			);
			path = Networking;
			sourceTree = "<group>";
		};
		40EF3CFC212A106600DE29EF = {
			isa = PBXGroup;
			children = (
				40EF3D07212A106600DE29EF /* Gourmet */,
				40EF3D1C212A106800DE29EF /* GourmetTests */,
				40EF3D27212A106800DE29EF /* GourmetUITests */,
				40EF3D06212A106600DE29EF /* Products */,
				C35A9AD8E014B8A2B86C03D3 /* Pods */,
				0FC7FDBB0E83C71343917105 /* Frameworks */,
			);
			sourceTree = "<group>";
		};
		40EF3D06212A106600DE29EF /* Products */ = {
			isa = PBXGroup;
			children = (
				40EF3D05212A106600DE29EF /* Gourmet.app */,
				40EF3D19212A106800DE29EF /* GourmetTests.xctest */,
				40EF3D24212A106800DE29EF /* GourmetUITests.xctest */,
			);
			name = Products;
			sourceTree = "<group>";
		};
		40EF3D07212A106600DE29EF /* Gourmet */ = {
			isa = PBXGroup;
			children = (
				407EB910216812FA0055FF7E /* Storyboards */,
				40EF3D08212A106600DE29EF /* AppDelegate.swift */,
				40EF3D14212A106800DE29EF /* Info.plist */,
				40EF3D3D212A17DA00DE29EF /* SupportingFiles */,
				40B8AB36212F651700119E70 /* Networking */,
				40EF3D41212A19B500DE29EF /* Utils */,
				40EF3D3C212A17CF00DE29EF /* Views */,
				40EF3D3B212A17B000DE29EF /* Controllers */,
				40EF3D3A212A17A200DE29EF /* Models */,
			);
			path = Gourmet;
			sourceTree = "<group>";
		};
		40EF3D1C212A106800DE29EF /* GourmetTests */ = {
			isa = PBXGroup;
			children = (
				40EF3D1D212A106800DE29EF /* GourmetTests.swift */,
				40EF3D1F212A106800DE29EF /* Info.plist */,
			);
			path = GourmetTests;
			sourceTree = "<group>";
		};
		40EF3D27212A106800DE29EF /* GourmetUITests */ = {
			isa = PBXGroup;
			children = (
				40EF3D28212A106800DE29EF /* GourmetUITests.swift */,
				40EF3D2A212A106800DE29EF /* Info.plist */,
			);
			path = GourmetUITests;
			sourceTree = "<group>";
		};
		40EF3D3A212A17A200DE29EF /* Models */ = {
			isa = PBXGroup;
			children = (
				40DE9AAB212EF06900B8F28B /* Restaurant.swift */,
				4010022C212AC55000319E43 /* Category.swift */,
				40100241212B74CB00319E43 /* Item.swift */,
			);
			path = Models;
			sourceTree = "<group>";
		};
		40EF3D3B212A17B000DE29EF /* Controllers */ = {
			isa = PBXGroup;
			children = (
				407EB91F2168142F0055FF7E /* Profile */,
				407EB91E216814270055FF7E /* Location */,
				407EB91D216814150055FF7E /* QRCode */,
				407EB91C2168140F0055FF7E /* Search */,
				407EB91B216813FF0055FF7E /* Home */,
				40966A68212CE1170065B9FB /* ItemDetail */,
				40EF3D40212A195800DE29EF /* Menu */,
				40EF3D36212A10D900DE29EF /* MainTabBarController.swift */,
			);
			path = Controllers;
			sourceTree = "<group>";
		};
		40EF3D3C212A17CF00DE29EF /* Views */ = {
			isa = PBXGroup;
			children = (
				40966A65212CC5E40065B9FB /* AllCollection */,
				40966A60212CB4000065B9FB /* FeaturedCollection */,
				4010023C212B73F500319E43 /* RecommendedCollection */,
				408123A1212A241C0091D1D9 /* CategoryCollection */,
				40100230212ACE4000319E43 /* CustomSegmentedControl.swift */,
			);
			path = Views;
			sourceTree = "<group>";
		};
		40EF3D3D212A17DA00DE29EF /* SupportingFiles */ = {
			isa = PBXGroup;
			children = (
				40EF3D38212A13C100DE29EF /* Assets.xcassets */,
			);
			path = SupportingFiles;
			sourceTree = "<group>";
		};
		40EF3D40212A195800DE29EF /* Menu */ = {
			isa = PBXGroup;
			children = (
				40EF3D3E212A190F00DE29EF /* MenuController.swift */,
				40100236212AE8D700319E43 /* PersonalCategoryController.swift */,
				40100238212AE8E300319E43 /* AllCategoryController.swift */,
			);
			path = Menu;
			sourceTree = "<group>";
		};
		40EF3D41212A19B500DE29EF /* Utils */ = {
			isa = PBXGroup;
			children = (
				40EF3D42212A19BE00DE29EF /* Extensions */,
				4010022E212ACA6F00319E43 /* Costants.swift */,
				40B8AB23212F0ADD00119E70 /* Module.swift */,
				40B8AB25212F0B0300119E70 /* ClientSession.swift */,
				40848CDA212CA5EC009DE929 /* Cosmos.swift */,
			);
			path = Utils;
			sourceTree = "<group>";
		};
		40EF3D42212A19BE00DE29EF /* Extensions */ = {
			isa = PBXGroup;
			children = (
				40EF3D43212A19C900DE29EF /* UIColor.swift */,
				40EF3D45212A1A9C00DE29EF /* UIView.swift */,
				408123AA212A33CA0091D1D9 /* UIImage.swift */,
				40100234212AE2B200319E43 /* UICollectionView.swift */,
				40A32ADB212DEE3B0076067C /* UIScrollView.swift */,
				40A32ADE212DF14B0076067C /* UIViewController.swift */,
				401B6856217B9346009231BA /* Encodable.swift */,
			);
			path = Extensions;
			sourceTree = "<group>";
		};
		C35A9AD8E014B8A2B86C03D3 /* Pods */ = {
			isa = PBXGroup;
			children = (
				819A208C4C66A094C94F6226 /* Pods-Gourmet.debug.xcconfig */,
				F39164E17A50BBE31AB59B48 /* Pods-Gourmet.release.xcconfig */,
				94F58A9B667285DD9DEC2188 /* Pods-GourmetTests.debug.xcconfig */,
				122C8596F77D871BE75AF661 /* Pods-GourmetTests.release.xcconfig */,
				E44E4DFEFED39E0959458188 /* Pods-GourmetUITests.debug.xcconfig */,
				7F0F5FC4D3D1514D2FAE5900 /* Pods-GourmetUITests.release.xcconfig */,
			);
			name = Pods;
			sourceTree = "<group>";
		};
/* End PBXGroup section */

/* Begin PBXNativeTarget section */
		40EF3D04212A106600DE29EF /* Gourmet */ = {
			isa = PBXNativeTarget;
			buildConfigurationList = 40EF3D2D212A106800DE29EF /* Build configuration list for PBXNativeTarget "Gourmet" */;
			buildPhases = (
				17F540A9A28CAF420B92DD1E /* [CP] Check Pods Manifest.lock */,
				40EF3D01212A106600DE29EF /* Sources */,
				40EF3D02212A106600DE29EF /* Frameworks */,
				40EF3D03212A106600DE29EF /* Resources */,
				6BC137B52CF7112DFE4332F4 /* [CP] Embed Pods Frameworks */,
			);
			buildRules = (
			);
			dependencies = (
			);
			name = Gourmet;
			productName = Gourmet;
			productReference = 40EF3D05212A106600DE29EF /* Gourmet.app */;
			productType = "com.apple.product-type.application";
		};
		40EF3D18212A106800DE29EF /* GourmetTests */ = {
			isa = PBXNativeTarget;
			buildConfigurationList = 40EF3D30212A106800DE29EF /* Build configuration list for PBXNativeTarget "GourmetTests" */;
			buildPhases = (
				831A19030BF0816F985EDAC3 /* [CP] Check Pods Manifest.lock */,
				40EF3D15212A106800DE29EF /* Sources */,
				40EF3D16212A106800DE29EF /* Frameworks */,
				40EF3D17212A106800DE29EF /* Resources */,
			);
			buildRules = (
			);
			dependencies = (
				40EF3D1B212A106800DE29EF /* PBXTargetDependency */,
			);
			name = GourmetTests;
			productName = GourmetTests;
			productReference = 40EF3D19212A106800DE29EF /* GourmetTests.xctest */;
			productType = "com.apple.product-type.bundle.unit-test";
		};
		40EF3D23212A106800DE29EF /* GourmetUITests */ = {
			isa = PBXNativeTarget;
			buildConfigurationList = 40EF3D33212A106800DE29EF /* Build configuration list for PBXNativeTarget "GourmetUITests" */;
			buildPhases = (
				066D3D4FCB9D585F40BB1250 /* [CP] Check Pods Manifest.lock */,
				40EF3D20212A106800DE29EF /* Sources */,
				40EF3D21212A106800DE29EF /* Frameworks */,
				40EF3D22212A106800DE29EF /* Resources */,
			);
			buildRules = (
			);
			dependencies = (
				40EF3D26212A106800DE29EF /* PBXTargetDependency */,
			);
			name = GourmetUITests;
			productName = GourmetUITests;
			productReference = 40EF3D24212A106800DE29EF /* GourmetUITests.xctest */;
			productType = "com.apple.product-type.bundle.ui-testing";
		};
/* End PBXNativeTarget section */

/* Begin PBXProject section */
		40EF3CFD212A106600DE29EF /* Project object */ = {
			isa = PBXProject;
			attributes = {
				LastSwiftUpdateCheck = 1000;
				LastUpgradeCheck = 1000;
				ORGANIZATIONNAME = "Deniz Mersinlioglu";
				TargetAttributes = {
					40EF3D04212A106600DE29EF = {
						CreatedOnToolsVersion = 10.0;
					};
					40EF3D18212A106800DE29EF = {
						CreatedOnToolsVersion = 10.0;
						TestTargetID = 40EF3D04212A106600DE29EF;
					};
					40EF3D23212A106800DE29EF = {
						CreatedOnToolsVersion = 10.0;
						TestTargetID = 40EF3D04212A106600DE29EF;
					};
				};
			};
			buildConfigurationList = 40EF3D00212A106600DE29EF /* Build configuration list for PBXProject "Gourmet" */;
			compatibilityVersion = "Xcode 9.3";
			developmentRegion = en;
			hasScannedForEncodings = 0;
			knownRegions = (
				en,
				Base,
			);
			mainGroup = 40EF3CFC212A106600DE29EF;
			productRefGroup = 40EF3D06212A106600DE29EF /* Products */;
			projectDirPath = "";
			projectRoot = "";
			targets = (
				40EF3D04212A106600DE29EF /* Gourmet */,
				40EF3D18212A106800DE29EF /* GourmetTests */,
				40EF3D23212A106800DE29EF /* GourmetUITests */,
			);
		};
/* End PBXProject section */

/* Begin PBXResourcesBuildPhase section */
		40EF3D03212A106600DE29EF /* Resources */ = {
			isa = PBXResourcesBuildPhase;
			buildActionMask = 2147483647;
			files = (
				40EF3D13212A106800DE29EF /* LaunchScreen.storyboard in Resources */,
				40EF3D39212A13C100DE29EF /* Assets.xcassets in Resources */,
				407EB91A216813E60055FF7E /* Profile.storyboard in Resources */,
				407D35212168C64800346910 /* Item.storyboard in Resources */,
				407EB92C21681C130055FF7E /* Menu.storyboard in Resources */,
				40EF3D0E212A106600DE29EF /* Main.storyboard in Resources */,
				407EB912216813C20055FF7E /* Home.storyboard in Resources */,
				407EB918216813DC0055FF7E /* Location.storyboard in Resources */,
				407EB916216813D40055FF7E /* QRCode.storyboard in Resources */,
				407EB914216813CA0055FF7E /* Search.storyboard in Resources */,
			);
			runOnlyForDeploymentPostprocessing = 0;
		};
		40EF3D17212A106800DE29EF /* Resources */ = {
			isa = PBXResourcesBuildPhase;
			buildActionMask = 2147483647;
			files = (
			);
			runOnlyForDeploymentPostprocessing = 0;
		};
		40EF3D22212A106800DE29EF /* Resources */ = {
			isa = PBXResourcesBuildPhase;
			buildActionMask = 2147483647;
			files = (
			);
			runOnlyForDeploymentPostprocessing = 0;
		};
/* End PBXResourcesBuildPhase section */

/* Begin PBXShellScriptBuildPhase section */
		066D3D4FCB9D585F40BB1250 /* [CP] Check Pods Manifest.lock */ = {
			isa = PBXShellScriptBuildPhase;
			buildActionMask = 2147483647;
			files = (
			);
			inputPaths = (
				"${PODS_PODFILE_DIR_PATH}/Podfile.lock",
				"${PODS_ROOT}/Manifest.lock",
			);
			name = "[CP] Check Pods Manifest.lock";
			outputPaths = (
				"$(DERIVED_FILE_DIR)/Pods-GourmetUITests-checkManifestLockResult.txt",
			);
			runOnlyForDeploymentPostprocessing = 0;
			shellPath = /bin/sh;
			shellScript = "diff \"${PODS_PODFILE_DIR_PATH}/Podfile.lock\" \"${PODS_ROOT}/Manifest.lock\" > /dev/null\nif [ $? != 0 ] ; then\n    # print error to STDERR\n    echo \"error: The sandbox is not in sync with the Podfile.lock. Run 'pod install' or update your CocoaPods installation.\" >&2\n    exit 1\nfi\n# This output is used by Xcode 'outputs' to avoid re-running this script phase.\necho \"SUCCESS\" > \"${SCRIPT_OUTPUT_FILE_0}\"\n";
			showEnvVarsInLog = 0;
		};
		17F540A9A28CAF420B92DD1E /* [CP] Check Pods Manifest.lock */ = {
			isa = PBXShellScriptBuildPhase;
			buildActionMask = 2147483647;
			files = (
			);
			inputPaths = (
				"${PODS_PODFILE_DIR_PATH}/Podfile.lock",
				"${PODS_ROOT}/Manifest.lock",
			);
			name = "[CP] Check Pods Manifest.lock";
			outputPaths = (
				"$(DERIVED_FILE_DIR)/Pods-Gourmet-checkManifestLockResult.txt",
			);
			runOnlyForDeploymentPostprocessing = 0;
			shellPath = /bin/sh;
			shellScript = "diff \"${PODS_PODFILE_DIR_PATH}/Podfile.lock\" \"${PODS_ROOT}/Manifest.lock\" > /dev/null\nif [ $? != 0 ] ; then\n    # print error to STDERR\n    echo \"error: The sandbox is not in sync with the Podfile.lock. Run 'pod install' or update your CocoaPods installation.\" >&2\n    exit 1\nfi\n# This output is used by Xcode 'outputs' to avoid re-running this script phase.\necho \"SUCCESS\" > \"${SCRIPT_OUTPUT_FILE_0}\"\n";
			showEnvVarsInLog = 0;
		};
		6BC137B52CF7112DFE4332F4 /* [CP] Embed Pods Frameworks */ = {
			isa = PBXShellScriptBuildPhase;
			buildActionMask = 2147483647;
			files = (
			);
			inputPaths = (
				"${SRCROOT}/Pods/Target Support Files/Pods-Gourmet/Pods-Gourmet-frameworks.sh",
				"${BUILT_PRODUCTS_DIR}/Alamofire/Alamofire.framework",
				"${BUILT_PRODUCTS_DIR}/AlamofireImage/AlamofireImage.framework",
				"${BUILT_PRODUCTS_DIR}/PromiseKit/PromiseKit.framework",
				"${BUILT_PRODUCTS_DIR}/Swinject/Swinject.framework",
			);
			name = "[CP] Embed Pods Frameworks";
			outputPaths = (
				"${TARGET_BUILD_DIR}/${FRAMEWORKS_FOLDER_PATH}/Alamofire.framework",
				"${TARGET_BUILD_DIR}/${FRAMEWORKS_FOLDER_PATH}/AlamofireImage.framework",
				"${TARGET_BUILD_DIR}/${FRAMEWORKS_FOLDER_PATH}/PromiseKit.framework",
				"${TARGET_BUILD_DIR}/${FRAMEWORKS_FOLDER_PATH}/Swinject.framework",
			);
			runOnlyForDeploymentPostprocessing = 0;
			shellPath = /bin/sh;
			shellScript = "\"${SRCROOT}/Pods/Target Support Files/Pods-Gourmet/Pods-Gourmet-frameworks.sh\"\n";
			showEnvVarsInLog = 0;
		};
		831A19030BF0816F985EDAC3 /* [CP] Check Pods Manifest.lock */ = {
			isa = PBXShellScriptBuildPhase;
			buildActionMask = 2147483647;
			files = (
			);
			inputPaths = (
				"${PODS_PODFILE_DIR_PATH}/Podfile.lock",
				"${PODS_ROOT}/Manifest.lock",
			);
			name = "[CP] Check Pods Manifest.lock";
			outputPaths = (
				"$(DERIVED_FILE_DIR)/Pods-GourmetTests-checkManifestLockResult.txt",
			);
			runOnlyForDeploymentPostprocessing = 0;
			shellPath = /bin/sh;
			shellScript = "diff \"${PODS_PODFILE_DIR_PATH}/Podfile.lock\" \"${PODS_ROOT}/Manifest.lock\" > /dev/null\nif [ $? != 0 ] ; then\n    # print error to STDERR\n    echo \"error: The sandbox is not in sync with the Podfile.lock. Run 'pod install' or update your CocoaPods installation.\" >&2\n    exit 1\nfi\n# This output is used by Xcode 'outputs' to avoid re-running this script phase.\necho \"SUCCESS\" > \"${SCRIPT_OUTPUT_FILE_0}\"\n";
			showEnvVarsInLog = 0;
		};
/* End PBXShellScriptBuildPhase section */

/* Begin PBXSourcesBuildPhase section */
		40EF3D01212A106600DE29EF /* Sources */ = {
			isa = PBXSourcesBuildPhase;
			buildActionMask = 2147483647;
			files = (
				40100242212B74CB00319E43 /* Item.swift in Sources */,
				40A32AD6212DE8C50076067C /* ItemInfoController.swift in Sources */,
				407EB921216815030055FF7E /* HomeController.swift in Sources */,
				408123A3212A24420091D1D9 /* CategoryCollectionCell.swift in Sources */,
				401798D2216916AC00BACEEA /* Router.swift in Sources */,
				4010023E212B742900319E43 /* RecommendedCollectionFlowLayout.swift in Sources */,
				407EB9252168151B0055FF7E /* QRCodeController.swift in Sources */,
				40848CDB212CA5EC009DE929 /* Cosmos.swift in Sources */,
				40100239212AE8E300319E43 /* AllCategoryController.swift in Sources */,
				408123A7212A27ED0091D1D9 /* CategoryCollectionFlowLayout.swift in Sources */,
				40100235212AE2B200319E43 /* UICollectionView.swift in Sources */,
				40100237212AE8D700319E43 /* PersonalCategoryController.swift in Sources */,
				40B8AB26212F0B0300119E70 /* ClientSession.swift in Sources */,
				40EF3D3F212A190F00DE29EF /* MenuController.swift in Sources */,
				401798D6216916AC00BACEEA /* Extension.swift in Sources */,
				407EB927216815240055FF7E /* LocationController.swift in Sources */,
				4010022F212ACA6F00319E43 /* Costants.swift in Sources */,
				407EB923216815110055FF7E /* SearchController.swift in Sources */,
				40EF3D09212A106600DE29EF /* AppDelegate.swift in Sources */,
				40966A6A212CE1280065B9FB /* ItemDetailController.swift in Sources */,
				40A32ADF212DF14B0076067C /* UIViewController.swift in Sources */,
				40100240212B749800319E43 /* RecommendedCollectionCell.swift in Sources */,
				40EF3D37212A10D900DE29EF /* MainTabBarController.swift in Sources */,
				40100231212ACE4000319E43 /* CustomSegmentedControl.swift in Sources */,
				40A32ADA212DE8EA0076067C /* ItemRateController.swift in Sources */,
				40966A67212CC5F70065B9FB /* AllCategoryTableCell.swift in Sources */,
				40A32ADC212DEE3B0076067C /* UIScrollView.swift in Sources */,
				401798D1216916AC00BACEEA /* Constants.swift in Sources */,
				407EB9292168152E0055FF7E /* ProfileController.swift in Sources */,
				40B8AB22212F0AB700119E70 /* WebService.swift in Sources */,
				40B8AB24212F0ADD00119E70 /* Module.swift in Sources */,
				408123AB212A33CA0091D1D9 /* UIImage.swift in Sources */,
				401798D5216916AC00BACEEA /* WebServiceLogger.swift in Sources */,
				40EF3D46212A1A9C00DE29EF /* UIView.swift in Sources */,
				40EF3D44212A19C900DE29EF /* UIColor.swift in Sources */,
				4010022D212AC55000319E43 /* Category.swift in Sources */,
				40966A62212CB4170065B9FB /* FeaturedTableCell.swift in Sources */,
				40DE9AAC212EF06900B8F28B /* Restaurant.swift in Sources */,
				401B6857217B9346009231BA /* Encodable.swift in Sources */,
			);
			runOnlyForDeploymentPostprocessing = 0;
		};
		40EF3D15212A106800DE29EF /* Sources */ = {
			isa = PBXSourcesBuildPhase;
			buildActionMask = 2147483647;
			files = (
				40EF3D1E212A106800DE29EF /* GourmetTests.swift in Sources */,
			);
			runOnlyForDeploymentPostprocessing = 0;
		};
		40EF3D20212A106800DE29EF /* Sources */ = {
			isa = PBXSourcesBuildPhase;
			buildActionMask = 2147483647;
			files = (
				40EF3D29212A106800DE29EF /* GourmetUITests.swift in Sources */,
			);
			runOnlyForDeploymentPostprocessing = 0;
		};
/* End PBXSourcesBuildPhase section */

/* Begin PBXTargetDependency section */
		40EF3D1B212A106800DE29EF /* PBXTargetDependency */ = {
			isa = PBXTargetDependency;
			target = 40EF3D04212A106600DE29EF /* Gourmet */;
			targetProxy = 40EF3D1A212A106800DE29EF /* PBXContainerItemProxy */;
		};
		40EF3D26212A106800DE29EF /* PBXTargetDependency */ = {
			isa = PBXTargetDependency;
			target = 40EF3D04212A106600DE29EF /* Gourmet */;
			targetProxy = 40EF3D25212A106800DE29EF /* PBXContainerItemProxy */;
		};
/* End PBXTargetDependency section */

/* Begin PBXVariantGroup section */
		40EF3D0C212A106600DE29EF /* Main.storyboard */ = {
			isa = PBXVariantGroup;
			children = (
				40EF3D0D212A106600DE29EF /* Base */,
			);
			name = Main.storyboard;
			sourceTree = "<group>";
		};
		40EF3D11212A106800DE29EF /* LaunchScreen.storyboard */ = {
			isa = PBXVariantGroup;
			children = (
				40EF3D12212A106800DE29EF /* Base */,
			);
			name = LaunchScreen.storyboard;
			sourceTree = "<group>";
		};
/* End PBXVariantGroup section */

/* Begin XCBuildConfiguration section */
		40EF3D2B212A106800DE29EF /* Debug */ = {
			isa = XCBuildConfiguration;
			buildSettings = {
				ALWAYS_SEARCH_USER_PATHS = NO;
				CLANG_ANALYZER_NONNULL = YES;
				CLANG_ANALYZER_NUMBER_OBJECT_CONVERSION = YES_AGGRESSIVE;
				CLANG_CXX_LANGUAGE_STANDARD = "gnu++14";
				CLANG_CXX_LIBRARY = "libc++";
				CLANG_ENABLE_MODULES = YES;
				CLANG_ENABLE_OBJC_ARC = YES;
				CLANG_ENABLE_OBJC_WEAK = YES;
				CLANG_WARN_BLOCK_CAPTURE_AUTORELEASING = YES;
				CLANG_WARN_BOOL_CONVERSION = YES;
				CLANG_WARN_COMMA = YES;
				CLANG_WARN_CONSTANT_CONVERSION = YES;
				CLANG_WARN_DEPRECATED_OBJC_IMPLEMENTATIONS = YES;
				CLANG_WARN_DIRECT_OBJC_ISA_USAGE = YES_ERROR;
				CLANG_WARN_DOCUMENTATION_COMMENTS = YES;
				CLANG_WARN_EMPTY_BODY = YES;
				CLANG_WARN_ENUM_CONVERSION = YES;
				CLANG_WARN_INFINITE_RECURSION = YES;
				CLANG_WARN_INT_CONVERSION = YES;
				CLANG_WARN_NON_LITERAL_NULL_CONVERSION = YES;
				CLANG_WARN_OBJC_IMPLICIT_RETAIN_SELF = YES;
				CLANG_WARN_OBJC_LITERAL_CONVERSION = YES;
				CLANG_WARN_OBJC_ROOT_CLASS = YES_ERROR;
				CLANG_WARN_RANGE_LOOP_ANALYSIS = YES;
				CLANG_WARN_STRICT_PROTOTYPES = YES;
				CLANG_WARN_SUSPICIOUS_MOVE = YES;
				CLANG_WARN_UNGUARDED_AVAILABILITY = YES_AGGRESSIVE;
				CLANG_WARN_UNREACHABLE_CODE = YES;
				CLANG_WARN__DUPLICATE_METHOD_MATCH = YES;
				CODE_SIGN_IDENTITY = "iPhone Developer";
				COPY_PHASE_STRIP = NO;
				DEBUG_INFORMATION_FORMAT = dwarf;
				ENABLE_STRICT_OBJC_MSGSEND = YES;
				ENABLE_TESTABILITY = YES;
				GCC_C_LANGUAGE_STANDARD = gnu11;
				GCC_DYNAMIC_NO_PIC = NO;
				GCC_NO_COMMON_BLOCKS = YES;
				GCC_OPTIMIZATION_LEVEL = 0;
				GCC_PREPROCESSOR_DEFINITIONS = (
					"DEBUG=1",
					"$(inherited)",
				);
				GCC_WARN_64_TO_32_BIT_CONVERSION = YES;
				GCC_WARN_ABOUT_RETURN_TYPE = YES_ERROR;
				GCC_WARN_UNDECLARED_SELECTOR = YES;
				GCC_WARN_UNINITIALIZED_AUTOS = YES_AGGRESSIVE;
				GCC_WARN_UNUSED_FUNCTION = YES;
				GCC_WARN_UNUSED_VARIABLE = YES;
				IPHONEOS_DEPLOYMENT_TARGET = 12.0;
				MTL_ENABLE_DEBUG_INFO = INCLUDE_SOURCE;
				MTL_FAST_MATH = YES;
				ONLY_ACTIVE_ARCH = YES;
				SDKROOT = iphoneos;
				SWIFT_ACTIVE_COMPILATION_CONDITIONS = DEBUG;
				SWIFT_OPTIMIZATION_LEVEL = "-Onone";
			};
			name = Debug;
		};
		40EF3D2C212A106800DE29EF /* Release */ = {
			isa = XCBuildConfiguration;
			buildSettings = {
				ALWAYS_SEARCH_USER_PATHS = NO;
				CLANG_ANALYZER_NONNULL = YES;
				CLANG_ANALYZER_NUMBER_OBJECT_CONVERSION = YES_AGGRESSIVE;
				CLANG_CXX_LANGUAGE_STANDARD = "gnu++14";
				CLANG_CXX_LIBRARY = "libc++";
				CLANG_ENABLE_MODULES = YES;
				CLANG_ENABLE_OBJC_ARC = YES;
				CLANG_ENABLE_OBJC_WEAK = YES;
				CLANG_WARN_BLOCK_CAPTURE_AUTORELEASING = YES;
				CLANG_WARN_BOOL_CONVERSION = YES;
				CLANG_WARN_COMMA = YES;
				CLANG_WARN_CONSTANT_CONVERSION = YES;
				CLANG_WARN_DEPRECATED_OBJC_IMPLEMENTATIONS = YES;
				CLANG_WARN_DIRECT_OBJC_ISA_USAGE = YES_ERROR;
				CLANG_WARN_DOCUMENTATION_COMMENTS = YES;
				CLANG_WARN_EMPTY_BODY = YES;
				CLANG_WARN_ENUM_CONVERSION = YES;
				CLANG_WARN_INFINITE_RECURSION = YES;
				CLANG_WARN_INT_CONVERSION = YES;
				CLANG_WARN_NON_LITERAL_NULL_CONVERSION = YES;
				CLANG_WARN_OBJC_IMPLICIT_RETAIN_SELF = YES;
				CLANG_WARN_OBJC_LITERAL_CONVERSION = YES;
				CLANG_WARN_OBJC_ROOT_CLASS = YES_ERROR;
				CLANG_WARN_RANGE_LOOP_ANALYSIS = YES;
				CLANG_WARN_STRICT_PROTOTYPES = YES;
				CLANG_WARN_SUSPICIOUS_MOVE = YES;
				CLANG_WARN_UNGUARDED_AVAILABILITY = YES_AGGRESSIVE;
				CLANG_WARN_UNREACHABLE_CODE = YES;
				CLANG_WARN__DUPLICATE_METHOD_MATCH = YES;
				CODE_SIGN_IDENTITY = "iPhone Developer";
				COPY_PHASE_STRIP = NO;
				DEBUG_INFORMATION_FORMAT = "dwarf-with-dsym";
				ENABLE_NS_ASSERTIONS = NO;
				ENABLE_STRICT_OBJC_MSGSEND = YES;
				GCC_C_LANGUAGE_STANDARD = gnu11;
				GCC_NO_COMMON_BLOCKS = YES;
				GCC_WARN_64_TO_32_BIT_CONVERSION = YES;
				GCC_WARN_ABOUT_RETURN_TYPE = YES_ERROR;
				GCC_WARN_UNDECLARED_SELECTOR = YES;
				GCC_WARN_UNINITIALIZED_AUTOS = YES_AGGRESSIVE;
				GCC_WARN_UNUSED_FUNCTION = YES;
				GCC_WARN_UNUSED_VARIABLE = YES;
				IPHONEOS_DEPLOYMENT_TARGET = 12.0;
				MTL_ENABLE_DEBUG_INFO = NO;
				MTL_FAST_MATH = YES;
				SDKROOT = iphoneos;
				SWIFT_COMPILATION_MODE = wholemodule;
				SWIFT_OPTIMIZATION_LEVEL = "-O";
				VALIDATE_PRODUCT = YES;
			};
			name = Release;
		};
		40EF3D2E212A106800DE29EF /* Debug */ = {
			isa = XCBuildConfiguration;
			baseConfigurationReference = 819A208C4C66A094C94F6226 /* Pods-Gourmet.debug.xcconfig */;
			buildSettings = {
				ASSETCATALOG_COMPILER_APPICON_NAME = AppIcon;
				CODE_SIGN_STYLE = Automatic;
				DEVELOPMENT_TEAM = NUB6VDUNHQ;
				INFOPLIST_FILE = Gourmet/Info.plist;
				IPHONEOS_DEPLOYMENT_TARGET = 10.0;
				LD_RUNPATH_SEARCH_PATHS = (
					"$(inherited)",
					"@executable_path/Frameworks",
				);
				PRODUCT_BUNDLE_IDENTIFIER = com.ArcheTech.Gourmet;
				PRODUCT_NAME = "$(TARGET_NAME)";
				SWIFT_VERSION = 4.2;
				TARGETED_DEVICE_FAMILY = "1,2";
			};
			name = Debug;
		};
		40EF3D2F212A106800DE29EF /* Release */ = {
			isa = XCBuildConfiguration;
			baseConfigurationReference = F39164E17A50BBE31AB59B48 /* Pods-Gourmet.release.xcconfig */;
			buildSettings = {
				ASSETCATALOG_COMPILER_APPICON_NAME = AppIcon;
				CODE_SIGN_STYLE = Automatic;
				DEVELOPMENT_TEAM = NUB6VDUNHQ;
				INFOPLIST_FILE = Gourmet/Info.plist;
				IPHONEOS_DEPLOYMENT_TARGET = 10.0;
				LD_RUNPATH_SEARCH_PATHS = (
					"$(inherited)",
					"@executable_path/Frameworks",
				);
				PRODUCT_BUNDLE_IDENTIFIER = com.ArcheTech.Gourmet;
				PRODUCT_NAME = "$(TARGET_NAME)";
				SWIFT_VERSION = 4.2;
				TARGETED_DEVICE_FAMILY = "1,2";
			};
			name = Release;
		};
		40EF3D31212A106800DE29EF /* Debug */ = {
			isa = XCBuildConfiguration;
			baseConfigurationReference = 94F58A9B667285DD9DEC2188 /* Pods-GourmetTests.debug.xcconfig */;
			buildSettings = {
				ALWAYS_EMBED_SWIFT_STANDARD_LIBRARIES = YES;
				BUNDLE_LOADER = "$(TEST_HOST)";
				CODE_SIGN_STYLE = Automatic;
				DEVELOPMENT_TEAM = NUB6VDUNHQ;
				INFOPLIST_FILE = GourmetTests/Info.plist;
				IPHONEOS_DEPLOYMENT_TARGET = 11.4;
				LD_RUNPATH_SEARCH_PATHS = (
					"$(inherited)",
					"@executable_path/Frameworks",
					"@loader_path/Frameworks",
				);
				PRODUCT_BUNDLE_IDENTIFIER = com.ArcheTech.GourmetTests;
				PRODUCT_NAME = "$(TARGET_NAME)";
				SWIFT_VERSION = 4.2;
				TARGETED_DEVICE_FAMILY = "1,2";
				TEST_HOST = "$(BUILT_PRODUCTS_DIR)/Gourmet.app/Gourmet";
			};
			name = Debug;
		};
		40EF3D32212A106800DE29EF /* Release */ = {
			isa = XCBuildConfiguration;
			baseConfigurationReference = 122C8596F77D871BE75AF661 /* Pods-GourmetTests.release.xcconfig */;
			buildSettings = {
				ALWAYS_EMBED_SWIFT_STANDARD_LIBRARIES = YES;
				BUNDLE_LOADER = "$(TEST_HOST)";
				CODE_SIGN_STYLE = Automatic;
				DEVELOPMENT_TEAM = NUB6VDUNHQ;
				INFOPLIST_FILE = GourmetTests/Info.plist;
				IPHONEOS_DEPLOYMENT_TARGET = 11.4;
				LD_RUNPATH_SEARCH_PATHS = (
					"$(inherited)",
					"@executable_path/Frameworks",
					"@loader_path/Frameworks",
				);
				PRODUCT_BUNDLE_IDENTIFIER = com.ArcheTech.GourmetTests;
				PRODUCT_NAME = "$(TARGET_NAME)";
				SWIFT_VERSION = 4.2;
				TARGETED_DEVICE_FAMILY = "1,2";
				TEST_HOST = "$(BUILT_PRODUCTS_DIR)/Gourmet.app/Gourmet";
			};
			name = Release;
		};
		40EF3D34212A106800DE29EF /* Debug */ = {
			isa = XCBuildConfiguration;
			baseConfigurationReference = E44E4DFEFED39E0959458188 /* Pods-GourmetUITests.debug.xcconfig */;
			buildSettings = {
				ALWAYS_EMBED_SWIFT_STANDARD_LIBRARIES = YES;
				CODE_SIGN_STYLE = Automatic;
				DEVELOPMENT_TEAM = NUB6VDUNHQ;
				INFOPLIST_FILE = GourmetUITests/Info.plist;
				IPHONEOS_DEPLOYMENT_TARGET = 11.4;
				LD_RUNPATH_SEARCH_PATHS = (
					"$(inherited)",
					"@executable_path/Frameworks",
					"@loader_path/Frameworks",
				);
				PRODUCT_BUNDLE_IDENTIFIER = com.ArcheTech.GourmetUITests;
				PRODUCT_NAME = "$(TARGET_NAME)";
				SWIFT_VERSION = 4.2;
				TARGETED_DEVICE_FAMILY = "1,2";
				TEST_TARGET_NAME = Gourmet;
			};
			name = Debug;
		};
		40EF3D35212A106800DE29EF /* Release */ = {
			isa = XCBuildConfiguration;
			baseConfigurationReference = 7F0F5FC4D3D1514D2FAE5900 /* Pods-GourmetUITests.release.xcconfig */;
			buildSettings = {
				ALWAYS_EMBED_SWIFT_STANDARD_LIBRARIES = YES;
				CODE_SIGN_STYLE = Automatic;
				DEVELOPMENT_TEAM = NUB6VDUNHQ;
				INFOPLIST_FILE = GourmetUITests/Info.plist;
				IPHONEOS_DEPLOYMENT_TARGET = 11.4;
				LD_RUNPATH_SEARCH_PATHS = (
					"$(inherited)",
					"@executable_path/Frameworks",
					"@loader_path/Frameworks",
				);
				PRODUCT_BUNDLE_IDENTIFIER = com.ArcheTech.GourmetUITests;
				PRODUCT_NAME = "$(TARGET_NAME)";
				SWIFT_VERSION = 4.2;
				TARGETED_DEVICE_FAMILY = "1,2";
				TEST_TARGET_NAME = Gourmet;
			};
			name = Release;
		};
/* End XCBuildConfiguration section */

/* Begin XCConfigurationList section */
		40EF3D00212A106600DE29EF /* Build configuration list for PBXProject "Gourmet" */ = {
			isa = XCConfigurationList;
			buildConfigurations = (
				40EF3D2B212A106800DE29EF /* Debug */,
				40EF3D2C212A106800DE29EF /* Release */,
			);
			defaultConfigurationIsVisible = 0;
			defaultConfigurationName = Release;
		};
		40EF3D2D212A106800DE29EF /* Build configuration list for PBXNativeTarget "Gourmet" */ = {
			isa = XCConfigurationList;
			buildConfigurations = (
				40EF3D2E212A106800DE29EF /* Debug */,
				40EF3D2F212A106800DE29EF /* Release */,
			);
			defaultConfigurationIsVisible = 0;
			defaultConfigurationName = Release;
		};
		40EF3D30212A106800DE29EF /* Build configuration list for PBXNativeTarget "GourmetTests" */ = {
			isa = XCConfigurationList;
			buildConfigurations = (
				40EF3D31212A106800DE29EF /* Debug */,
				40EF3D32212A106800DE29EF /* Release */,
			);
			defaultConfigurationIsVisible = 0;
			defaultConfigurationName = Release;
		};
		40EF3D33212A106800DE29EF /* Build configuration list for PBXNativeTarget "GourmetUITests" */ = {
			isa = XCConfigurationList;
			buildConfigurations = (
				40EF3D34212A106800DE29EF /* Debug */,
				40EF3D35212A106800DE29EF /* Release */,
			);
			defaultConfigurationIsVisible = 0;
			defaultConfigurationName = Release;
		};
/* End XCConfigurationList section */
	};
	rootObject = 40EF3CFD212A106600DE29EF /* Project object */;
}
